{
  "name": "bloom_game",
  "lockfileVersion": 3,
  "requires": true,
  "packages": {
    "": {
      "dependencies": {
        "create-kaplay": "^3.1.3"
      }
    },
    "node_modules/create-kaplay": {
      "version": "3.1.3",
      "resolved": "https://registry.npmjs.org/create-kaplay/-/create-kaplay-3.1.3.tgz",
      "integrity": "sha512-ap1QVPRqeUmZMUuHVZ9oNLG2k+bHBZ5nJeKigNysUGTqLAC/sFlkCp3NnSbhp/ePpHjGwmsS9jo0gMiq4E//cg==",
      "license": "MIT",
      "bin": {
        "create-kaplay": "dist/index.js"
      }
    }
  }
}
